github.com/srfbogomolov/greetings v0.0.0-20230213165730-9c30ac17bfe2 h1:TxGVpCis3Sd3u5FuuIvEdcEI4Qwtrt3bAN2pyp5q3tg=
github.com/srfbogomolov/greetings v0.0.0-20230213165730-9c30ac17bfe2/go.mod h1:c/AevDJKKsSKitZbepLJ2corvJUeWAqdPNtb3UVPfb4=
github.com/srfbogomolov/greetings v0.0.0-20230213174929-a0d8ee7de4ae h1:B13wl/CTcEfllum1Pqos1Cby++e80XtwOip/c8ZlT/I=
github.com/srfbogomolov/greetings v0.0.0-20230213174929-a0d8ee7de4ae/go.mod h1:c/AevDJKKsSKitZbepLJ2corvJUeWAqdPNtb3UVPfb4=
